<?xml version="1.0" encoding="utf-8"?>
<Project ToolsVersion="4.0" xmlns="http://schemas.microsoft.com/developer/msbuild/2003">
  <ItemGroup>
    <Filter Include="AstralLayer">
      <UniqueIdentifier>{d163aab0-23de-44b9-95c1-f0ef6202b315}</UniqueIdentifier>
    </Filter>
    <Filter Include="AstralLayer\Include">
      <UniqueIdentifier>{758e5679-d2aa-4555-93a5-ac88ae96c08d}</UniqueIdentifier>
    </Filter>
    <Filter Include="AstralLayer\src">
      <UniqueIdentifier>{682fa355-61de-4471-b552-11c511183a87}</UniqueIdentifier>
    </Filter>
    <Filter Include="Math">
      <UniqueIdentifier>{0ca7c6bd-14a8-441e-a4cf-38517b90e628}</UniqueIdentifier>
    </Filter>
    <Filter Include="Shader%28HLSL%29">
      <UniqueIdentifier>{2712b6bd-2639-4333-9040-1d8fcd29b3ff}</UniqueIdentifier>
    </Filter>
  </ItemGroup>
  <ItemGroup>
    <ClInclude Include="..\AstralLayer\Include\AstralDebug.h">
      <Filter>AstralLayer\Include</Filter>
    </ClInclude>
    <ClInclude Include="..\AstralLayer\Include\AstralInfo.h">
      <Filter>AstralLayer\Include</Filter>
    </ClInclude>
    <ClInclude Include="..\AstralLayer\Include\AstralLayer.h">
      <Filter>AstralLayer\Include</Filter>
    </ClInclude>
    <ClInclude Include="..\AstralLayer\Include\AstralLayerFactory.h">
      <Filter>AstralLayer\Include</Filter>
    </ClInclude>
    <ClInclude Include="..\AstralLayer\Include\AstralRendererInterface.h">
      <Filter>AstralLayer\Include</Filter>
    </ClInclude>
    <ClInclude Include="..\AstralLayer\Include\AstralSupport.h">
      <Filter>AstralLayer\Include</Filter>
    </ClInclude>
    <ClInclude Include="..\AstralLayer\Include\ATL\AstralDirectX.h">
      <Filter>AstralLayer\Include</Filter>
    </ClInclude>
    <ClInclude Include="..\AstralLayer\Include\ATL\AstralDirectX11.h">
      <Filter>AstralLayer\Include</Filter>
    </ClInclude>
    <ClInclude Include="..\AstralLayer\Include\ATL\AstralDirectX11Factory.h">
      <Filter>AstralLayer\Include</Filter>
    </ClInclude>
    <ClInclude Include="..\AstralLayer\Include\ATL\AstralDirectX12.h">
      <Filter>AstralLayer\Include</Filter>
    </ClInclude>
    <ClInclude Include="..\AstralLayer\Include\ATL\AstralDirectX12Factory.h">
      <Filter>AstralLayer\Include</Filter>
    </ClInclude>
    <ClInclude Include="..\AstralLayer\Include\ATL\AstralRHI.h">
      <Filter>AstralLayer\Include</Filter>
    </ClInclude>
    <ClInclude Include="main.h" />
    <ClInclude Include="Renderer.h" />
    <ClInclude Include="Math\SimpleMath.h">
      <Filter>Math</Filter>
    </ClInclude>
  </ItemGroup>
  <ItemGroup>
    <ClCompile Include="..\AstralLayer\Src\AstrakDirectX12.cpp">
      <Filter>AstralLayer\src</Filter>
    </ClCompile>
    <ClCompile Include="..\AstralLayer\Src\AstralDebug.cpp">
      <Filter>AstralLayer\src</Filter>
    </ClCompile>
    <ClCompile Include="..\AstralLayer\Src\AstralDirectX.cpp">
      <Filter>AstralLayer\src</Filter>
    </ClCompile>
    <ClCompile Include="..\AstralLayer\Src\AstralDirectX12Factory.cpp">
      <Filter>AstralLayer\src</Filter>
    </ClCompile>
    <ClCompile Include="..\AstralLayer\Src\AstralInfo.cpp">
      <Filter>AstralLayer\src</Filter>
    </ClCompile>
    <ClCompile Include="..\AstralLayer\Src\AstralLayerFactory.cpp">
      <Filter>AstralLayer\src</Filter>
    </ClCompile>
    <ClCompile Include="..\AstralLayer\Src\AstralSupport.cpp">
      <Filter>AstralLayer\src</Filter>
    </ClCompile>
    <ClCompile Include="..\AstralLayer\Src\DirectX11Factory.cpp">
      <Filter>AstralLayer\src</Filter>
    </ClCompile>
    <ClCompile Include="..\AstralLayer\Src\DX11.cpp">
      <Filter>AstralLayer\src</Filter>
    </ClCompile>
    <ClCompile Include="..\AstralLayer\Src\DX11CommandList.cpp">
      <Filter>AstralLayer\src</Filter>
    </ClCompile>
    <ClCompile Include="..\AstralLayer\Src\DX11CommandQueue.cpp">
      <Filter>AstralLayer\src</Filter>
    </ClCompile>
    <ClCompile Include="..\AstralLayer\Src\DX11DepthStencilView.cpp">
      <Filter>AstralLayer\src</Filter>
    </ClCompile>
    <ClCompile Include="..\AstralLayer\Src\DX11Device.cpp">
      <Filter>AstralLayer\src</Filter>
    </ClCompile>
    <ClCompile Include="..\AstralLayer\Src\DX11Fence.cpp">
      <Filter>AstralLayer\src</Filter>
    </ClCompile>
    <ClCompile Include="..\AstralLayer\Src\DX11PipeLine.cpp">
      <Filter>AstralLayer\src</Filter>
    </ClCompile>
    <ClCompile Include="..\AstralLayer\Src\DX11RenderTargetView.cpp">
      <Filter>AstralLayer\src</Filter>
    </ClCompile>
    <ClCompile Include="..\AstralLayer\Src\DX11Resource.cpp">
      <Filter>AstralLayer\src</Filter>
    </ClCompile>
    <ClCompile Include="..\AstralLayer\Src\DX11RTVResource.cpp">
      <Filter>AstralLayer\src</Filter>
    </ClCompile>
    <ClCompile Include="..\AstralLayer\Src\DX11SwapChain.cpp">
      <Filter>AstralLayer\src</Filter>
    </ClCompile>
    <ClCompile Include="..\AstralLayer\Src\DX11Texture2D.cpp">
      <Filter>AstralLayer\src</Filter>
    </ClCompile>
    <ClCompile Include="..\AstralLayer\Src\DX12CommandList.cpp">
      <Filter>AstralLayer\src</Filter>
    </ClCompile>
    <ClCompile Include="..\AstralLayer\Src\DX12CommandQueue.cpp">
      <Filter>AstralLayer\src</Filter>
    </ClCompile>
    <ClCompile Include="..\AstralLayer\Src\DX12ConstantBuffer.cpp">
      <Filter>AstralLayer\src</Filter>
    </ClCompile>
    <ClCompile Include="..\AstralLayer\Src\DX12DepthStencilView.cpp">
      <Filter>AstralLayer\src</Filter>
    </ClCompile>
    <ClCompile Include="..\AstralLayer\Src\DX12Device.cpp">
      <Filter>AstralLayer\src</Filter>
    </ClCompile>
    <ClCompile Include="..\AstralLayer\Src\DX12Fence.cpp">
      <Filter>AstralLayer\src</Filter>
    </ClCompile>
    <ClCompile Include="..\AstralLayer\Src\DX12IndexBuffer.cpp">
      <Filter>AstralLayer\src</Filter>
    </ClCompile>
    <ClCompile Include="..\AstralLayer\Src\DX12PipeLine.cpp">
      <Filter>AstralLayer\src</Filter>
    </ClCompile>
    <ClCompile Include="..\AstralLayer\Src\DX12RenderTargetView.cpp">
      <Filter>AstralLayer\src</Filter>
    </ClCompile>
    <ClCompile Include="..\AstralLayer\Src\DX12Resource.cpp">
      <Filter>AstralLayer\src</Filter>
    </ClCompile>
    <ClCompile Include="..\AstralLayer\Src\DX12RTVResource.cpp">
      <Filter>AstralLayer\src</Filter>
    </ClCompile>
    <ClCompile Include="..\AstralLayer\Src\DX12SwapChain.cpp">
      <Filter>AstralLayer\src</Filter>
    </ClCompile>
    <ClCompile Include="..\AstralLayer\Src\DX12Texture2D.cpp">
      <Filter>AstralLayer\src</Filter>
    </ClCompile>
    <ClCompile Include="..\AstralLayer\Src\DX12VertexBuffer.cpp">
      <Filter>AstralLayer\src</Filter>
    </ClCompile>
    <ClCompile Include="main.cpp" />
    <ClCompile Include="Renderer.cpp" />
    <ClCompile Include="Math\SimpleMath.cpp">
      <Filter>Math</Filter>
    </ClCompile>
  </ItemGroup>
  <ItemGroup>
    <FxCompile Include="Shader\common.hlsl">
      <Filter>Shader%28HLSL%29</Filter>
    </FxCompile>
    <FxCompile Include="Shader\unlit_intexPS.hlsl">
      <Filter>Shader%28HLSL%29</Filter>
    </FxCompile>
    <FxCompile Include="Shader\unlitVS.hlsl">
      <Filter>Shader%28HLSL%29</Filter>
    </FxCompile>
  </ItemGroup>
</Project>